// !$*UTF8*$!
{
	archiveVersion = 1;
	classes = {
	};
	objectVersion = 55;
	objects = {

/* Begin PBXBuildFile section */
		0A0EE8E422F723E1001B52E0 /* AppDelegate.swift in Sources */ = {isa = PBXBuildFile; fileRef = 0A0EE8E322F723E1001B52E0 /* AppDelegate.swift */; };
		0A0EE8E622F723E1001B52E0 /* SceneDelegate.swift in Sources */ = {isa = PBXBuildFile; fileRef = 0A0EE8E522F723E1001B52E0 /* SceneDelegate.swift */; };
		0A0EE8ED22F723E2001B52E0 /* Preview Assets.xcassets in Resources */ = {isa = PBXBuildFile; fileRef = 0A0EE8EC22F723E2001B52E0 /* Preview Assets.xcassets */; };
		0A0EE8F022F723E2001B52E0 /* LaunchScreen.storyboard in Resources */ = {isa = PBXBuildFile; fileRef = 0A0EE8EE22F723E2001B52E0 /* LaunchScreen.storyboard */; };
		0AADC85E23CB96DE00EE7381 /* db-fts5.db in Resources */ = {isa = PBXBuildFile; fileRef = 0AADC85D23CB96DE00EE7381 /* db-fts5.db */; };
		449AE94D2641C3C8006570E3 /* Assets.xcassets in Resources */ = {isa = PBXBuildFile; fileRef = 449AE94C2641C3C8006570E3 /* Assets.xcassets */; };
		44EACC242C8CE1DF0070B33F /* app in Frameworks */ = {isa = PBXBuildFile; productRef = 44EACC232C8CE1DF0070B33F /* app */; };
/* End PBXBuildFile section */

/* Begin PBXFileReference section */
		0A0EE8E022F723E1001B52E0 /* slownik_rymow.app */ = {isa = PBXFileReference; explicitFileType = wrapper.application; includeInIndex = 0; path = slownik_rymow.app; sourceTree = BUILT_PRODUCTS_DIR; };
		0A0EE8E322F723E1001B52E0 /* AppDelegate.swift */ = {isa = PBXFileReference; lastKnownFileType = sourcecode.swift; path = AppDelegate.swift; sourceTree = "<group>"; };
		0A0EE8E522F723E1001B52E0 /* SceneDelegate.swift */ = {isa = PBXFileReference; lastKnownFileType = sourcecode.swift; path = SceneDelegate.swift; sourceTree = "<group>"; };
		0A0EE8EC22F723E2001B52E0 /* Preview Assets.xcassets */ = {isa = PBXFileReference; lastKnownFileType = folder.assetcatalog; path = "Preview Assets.xcassets"; sourceTree = "<group>"; };
		0A0EE8EF22F723E2001B52E0 /* Base */ = {isa = PBXFileReference; lastKnownFileType = file.storyboard; name = Base; path = Base.lproj/LaunchScreen.storyboard; sourceTree = "<group>"; };
		0A0EE8F122F723E2001B52E0 /* Info.plist */ = {isa = PBXFileReference; lastKnownFileType = text.plist.xml; path = Info.plist; sourceTree = "<group>"; };
		0AADC85D23CB96DE00EE7381 /* db-fts5.db */ = {isa = PBXFileReference; lastKnownFileType = text; path = "db-fts5.db"; sourceTree = "<group>"; };
		445411282641C95F0088F910 /* slownik_rymow.entitlements */ = {isa = PBXFileReference; lastKnownFileType = text.plist.entitlements; path = slownik_rymow.entitlements; sourceTree = "<group>"; };
		449AE94C2641C3C8006570E3 /* Assets.xcassets */ = {isa = PBXFileReference; lastKnownFileType = folder.assetcatalog; path = Assets.xcassets; sourceTree = "<group>"; };
		44EACC222C8CE1CE0070B33F /* app */ = {isa = PBXFileReference; lastKnownFileType = wrapper; path = app; sourceTree = "<group>"; };
/* End PBXFileReference section */

/* Begin PBXFrameworksBuildPhase section */
		0A0EE8DD22F723E1001B52E0 /* Frameworks */ = {
			isa = PBXFrameworksBuildPhase;
			buildActionMask = 2147483647;
			files = (
				44EACC242C8CE1DF0070B33F /* app in Frameworks */,
			);
			runOnlyForDeploymentPostprocessing = 0;
		};
/* End PBXFrameworksBuildPhase section */

/* Begin PBXGroup section */
		0A0EE8D722F723E1001B52E0 = {
			isa = PBXGroup;
			children = (
				44EACC222C8CE1CE0070B33F /* app */,
				0A0EE8E222F723E1001B52E0 /* slownik_rymow */,
				0A0EE8E122F723E1001B52E0 /* Products */,
				0AFBBC64236105CF00E1E0F7 /* Frameworks */,
			);
			indentWidth = 2;
			sourceTree = "<group>";
			tabWidth = 2;
		};
		0A0EE8E122F723E1001B52E0 /* Products */ = {
			isa = PBXGroup;
			children = (
				0A0EE8E022F723E1001B52E0 /* slownik_rymow.app */,
			);
			name = Products;
			sourceTree = "<group>";
		};
		0A0EE8E222F723E1001B52E0 /* slownik_rymow */ = {
			isa = PBXGroup;
			children = (
				0A764F57230F51EB003A1D9B /* Resources */,
				445411282641C95F0088F910 /* slownik_rymow.entitlements */,
				0A0EE8E322F723E1001B52E0 /* AppDelegate.swift */,
				0A0EE8E522F723E1001B52E0 /* SceneDelegate.swift */,
				449AE94C2641C3C8006570E3 /* Assets.xcassets */,
				0A0EE8EE22F723E2001B52E0 /* LaunchScreen.storyboard */,
				0A0EE8F122F723E2001B52E0 /* Info.plist */,
				0A0EE8EB22F723E2001B52E0 /* Preview Content */,
			);
			path = slownik_rymow;
			sourceTree = "<group>";
		};
		0A0EE8EB22F723E2001B52E0 /* Preview Content */ = {
			isa = PBXGroup;
			children = (
				0A0EE8EC22F723E2001B52E0 /* Preview Assets.xcassets */,
			);
			path = "Preview Content";
			sourceTree = "<group>";
		};
		0A764F57230F51EB003A1D9B /* Resources */ = {
			isa = PBXGroup;
			children = (
				0AADC85D23CB96DE00EE7381 /* db-fts5.db */,
			);
			path = Resources;
			sourceTree = "<group>";
		};
		0AFBBC64236105CF00E1E0F7 /* Frameworks */ = {
			isa = PBXGroup;
			children = (
			);
			name = Frameworks;
			sourceTree = "<group>";
		};
/* End PBXGroup section */

/* Begin PBXNativeTarget section */
		0A0EE8DF22F723E1001B52E0 /* slownik_rymow */ = {
			isa = PBXNativeTarget;
			buildConfigurationList = 0A0EE90A22F723E2001B52E0 /* Build configuration list for PBXNativeTarget "slownik_rymow" */;
			buildPhases = (
				0A0EE8DC22F723E1001B52E0 /* Sources */,
				0A0EE8DD22F723E1001B52E0 /* Frameworks */,
				0A0EE8DE22F723E1001B52E0 /* Resources */,
			);
			buildRules = (
			);
			dependencies = (
			);
			name = slownik_rymow;
			packageProductDependencies = (
				44EACC232C8CE1DF0070B33F /* app */,
			);
			productName = slownik_rymow;
			productReference = 0A0EE8E022F723E1001B52E0 /* slownik_rymow.app */;
			productType = "com.apple.product-type.application";
		};
/* End PBXNativeTarget section */

/* Begin PBXProject section */
		0A0EE8D822F723E1001B52E0 /* Project object */ = {
			isa = PBXProject;
			attributes = {
				BuildIndependentTargetsInParallel = YES;
				LastSwiftUpdateCheck = 1100;
				LastUpgradeCheck = 1610;
				ORGANIZATIONNAME = "Michał Buczek";
				TargetAttributes = {
					0A0EE8DF22F723E1001B52E0 = {
						CreatedOnToolsVersion = 11.0;
					};
				};
			};
			buildConfigurationList = 0A0EE8DB22F723E1001B52E0 /* Build configuration list for PBXProject "slownik_rymow" */;
			compatibilityVersion = "Xcode 13.0";
			developmentRegion = en;
			hasScannedForEncodings = 0;
			knownRegions = (
				en,
				Base,
			);
			mainGroup = 0A0EE8D722F723E1001B52E0;
			packageReferences = (
			);
			productRefGroup = 0A0EE8E122F723E1001B52E0 /* Products */;
			projectDirPath = "";
			projectRoot = "";
			targets = (
				0A0EE8DF22F723E1001B52E0 /* slownik_rymow */,
			);
		};
/* End PBXProject section */

/* Begin PBXResourcesBuildPhase section */
		0A0EE8DE22F723E1001B52E0 /* Resources */ = {
			isa = PBXResourcesBuildPhase;
			buildActionMask = 2147483647;
			files = (
				0A0EE8F022F723E2001B52E0 /* LaunchScreen.storyboard in Resources */,
				0AADC85E23CB96DE00EE7381 /* db-fts5.db in Resources */,
				0A0EE8ED22F723E2001B52E0 /* Preview Assets.xcassets in Resources */,
				449AE94D2641C3C8006570E3 /* Assets.xcassets in Resources */,
			);
			runOnlyForDeploymentPostprocessing = 0;
		};
/* End PBXResourcesBuildPhase section */

/* Begin PBXSourcesBuildPhase section */
		0A0EE8DC22F723E1001B52E0 /* Sources */ = {
			isa = PBXSourcesBuildPhase;
			buildActionMask = 2147483647;
			files = (
				0A0EE8E422F723E1001B52E0 /* AppDelegate.swift in Sources */,
				0A0EE8E622F723E1001B52E0 /* SceneDelegate.swift in Sources */,
			);
			runOnlyForDeploymentPostprocessing = 0;
		};
/* End PBXSourcesBuildPhase section */

/* Begin PBXVariantGroup section */
		0A0EE8EE22F723E2001B52E0 /* LaunchScreen.storyboard */ = {
			isa = PBXVariantGroup;
			children = (
				0A0EE8EF22F723E2001B52E0 /* Base */,
			);
			name = LaunchScreen.storyboard;
			sourceTree = "<group>";
		};
/* End PBXVariantGroup section */

/* Begin XCBuildConfiguration section */
		0A0EE90822F723E2001B52E0 /* Debug */ = {
			isa = XCBuildConfiguration;
			buildSettings = {
				ALWAYS_SEARCH_USER_PATHS = NO;
				ASSETCATALOG_COMPILER_GENERATE_SWIFT_ASSET_SYMBOL_EXTENSIONS = YES;
				CLANG_ANALYZER_NONNULL = YES;
				CLANG_ANALYZER_NUMBER_OBJECT_CONVERSION = YES_AGGRESSIVE;
				CLANG_CXX_LANGUAGE_STANDARD = "gnu++14";
				CLANG_CXX_LIBRARY = "libc++";
				CLANG_ENABLE_MODULES = YES;
				CLANG_ENABLE_OBJC_ARC = YES;
				CLANG_ENABLE_OBJC_WEAK = YES;
				CLANG_WARN_BLOCK_CAPTURE_AUTORELEASING = YES;
				CLANG_WARN_BOOL_CONVERSION = YES;
				CLANG_WARN_COMMA = YES;
				CLANG_WARN_CONSTANT_CONVERSION = YES;
				CLANG_WARN_DEPRECATED_OBJC_IMPLEMENTATIONS = YES;
				CLANG_WARN_DIRECT_OBJC_ISA_USAGE = YES_ERROR;
				CLANG_WARN_DOCUMENTATION_COMMENTS = YES;
				CLANG_WARN_EMPTY_BODY = YES;
				CLANG_WARN_ENUM_CONVERSION = YES;
				CLANG_WARN_INFINITE_RECURSION = YES;
				CLANG_WARN_INT_CONVERSION = YES;
				CLANG_WARN_NON_LITERAL_NULL_CONVERSION = YES;
				CLANG_WARN_OBJC_IMPLICIT_RETAIN_SELF = YES;
				CLANG_WARN_OBJC_LITERAL_CONVERSION = YES;
				CLANG_WARN_OBJC_ROOT_CLASS = YES_ERROR;
				CLANG_WARN_QUOTED_INCLUDE_IN_FRAMEWORK_HEADER = YES;
				CLANG_WARN_RANGE_LOOP_ANALYSIS = YES;
				CLANG_WARN_STRICT_PROTOTYPES = YES;
				CLANG_WARN_SUSPICIOUS_MOVE = YES;
				CLANG_WARN_UNGUARDED_AVAILABILITY = YES_AGGRESSIVE;
				CLANG_WARN_UNREACHABLE_CODE = YES;
				CLANG_WARN__DUPLICATE_METHOD_MATCH = YES;
				COPY_PHASE_STRIP = NO;
				DEBUG_INFORMATION_FORMAT = dwarf;
				ENABLE_STRICT_OBJC_MSGSEND = YES;
				ENABLE_TESTABILITY = YES;
				ENABLE_USER_SCRIPT_SANDBOXING = YES;
				GCC_C_LANGUAGE_STANDARD = gnu11;
				GCC_DYNAMIC_NO_PIC = NO;
				GCC_NO_COMMON_BLOCKS = YES;
				GCC_OPTIMIZATION_LEVEL = 0;
				GCC_PREPROCESSOR_DEFINITIONS = (
					"DEBUG=1",
					"$(inherited)",
				);
				GCC_WARN_64_TO_32_BIT_CONVERSION = YES;
				GCC_WARN_ABOUT_RETURN_TYPE = YES_ERROR;
				GCC_WARN_UNDECLARED_SELECTOR = YES;
				GCC_WARN_UNINITIALIZED_AUTOS = YES_AGGRESSIVE;
				GCC_WARN_UNUSED_FUNCTION = YES;
				GCC_WARN_UNUSED_VARIABLE = YES;
				IPHONEOS_DEPLOYMENT_TARGET = 15.0;
				MTL_ENABLE_DEBUG_INFO = INCLUDE_SOURCE;
				MTL_FAST_MATH = YES;
				ONLY_ACTIVE_ARCH = YES;
				SDKROOT = iphoneos;
				SWIFT_ACTIVE_COMPILATION_CONDITIONS = DEBUG;
				SWIFT_OPTIMIZATION_LEVEL = "-Onone";
			};
			name = Debug;
		};
		0A0EE90922F723E2001B52E0 /* Release */ = {
			isa = XCBuildConfiguration;
			buildSettings = {
				ALWAYS_SEARCH_USER_PATHS = NO;
				ASSETCATALOG_COMPILER_GENERATE_SWIFT_ASSET_SYMBOL_EXTENSIONS = YES;
				CLANG_ANALYZER_NONNULL = YES;
				CLANG_ANALYZER_NUMBER_OBJECT_CONVERSION = YES_AGGRESSIVE;
				CLANG_CXX_LANGUAGE_STANDARD = "gnu++14";
				CLANG_CXX_LIBRARY = "libc++";
				CLANG_ENABLE_MODULES = YES;
				CLANG_ENABLE_OBJC_ARC = YES;
				CLANG_ENABLE_OBJC_WEAK = YES;
				CLANG_WARN_BLOCK_CAPTURE_AUTORELEASING = YES;
				CLANG_WARN_BOOL_CONVERSION = YES;
				CLANG_WARN_COMMA = YES;
				CLANG_WARN_CONSTANT_CONVERSION = YES;
				CLANG_WARN_DEPRECATED_OBJC_IMPLEMENTATIONS = YES;
				CLANG_WARN_DIRECT_OBJC_ISA_USAGE = YES_ERROR;
				CLANG_WARN_DOCUMENTATION_COMMENTS = YES;
				CLANG_WARN_EMPTY_BODY = YES;
				CLANG_WARN_ENUM_CONVERSION = YES;
				CLANG_WARN_INFINITE_RECURSION = YES;
				CLANG_WARN_INT_CONVERSION = YES;
				CLANG_WARN_NON_LITERAL_NULL_CONVERSION = YES;
				CLANG_WARN_OBJC_IMPLICIT_RETAIN_SELF = YES;
				CLANG_WARN_OBJC_LITERAL_CONVERSION = YES;
				CLANG_WARN_OBJC_ROOT_CLASS = YES_ERROR;
				CLANG_WARN_QUOTED_INCLUDE_IN_FRAMEWORK_HEADER = YES;
				CLANG_WARN_RANGE_LOOP_ANALYSIS = YES;
				CLANG_WARN_STRICT_PROTOTYPES = YES;
				CLANG_WARN_SUSPICIOUS_MOVE = YES;
				CLANG_WARN_UNGUARDED_AVAILABILITY = YES_AGGRESSIVE;
				CLANG_WARN_UNREACHABLE_CODE = YES;
				CLANG_WARN__DUPLICATE_METHOD_MATCH = YES;
				COPY_PHASE_STRIP = NO;
				DEBUG_INFORMATION_FORMAT = "dwarf-with-dsym";
				ENABLE_NS_ASSERTIONS = NO;
				ENABLE_STRICT_OBJC_MSGSEND = YES;
				ENABLE_USER_SCRIPT_SANDBOXING = YES;
				GCC_C_LANGUAGE_STANDARD = gnu11;
				GCC_NO_COMMON_BLOCKS = YES;
				GCC_WARN_64_TO_32_BIT_CONVERSION = YES;
				GCC_WARN_ABOUT_RETURN_TYPE = YES_ERROR;
				GCC_WARN_UNDECLARED_SELECTOR = YES;
				GCC_WARN_UNINITIALIZED_AUTOS = YES_AGGRESSIVE;
				GCC_WARN_UNUSED_FUNCTION = YES;
				GCC_WARN_UNUSED_VARIABLE = YES;
				IPHONEOS_DEPLOYMENT_TARGET = 15.0;
				MTL_ENABLE_DEBUG_INFO = NO;
				MTL_FAST_MATH = YES;
				SDKROOT = iphoneos;
				SWIFT_COMPILATION_MODE = wholemodule;
				SWIFT_OPTIMIZATION_LEVEL = "-O";
				VALIDATE_PRODUCT = YES;
			};
			name = Release;
		};
		0A0EE90B22F723E2001B52E0 /* Debug */ = {
			isa = XCBuildConfiguration;
			buildSettings = {
				ASSETCATALOG_COMPILER_APPICON_NAME = AppIcon;
				CODE_SIGN_ENTITLEMENTS = slownik_rymow/slownik_rymow.entitlements;
				CODE_SIGN_STYLE = Automatic;
				DEVELOPMENT_ASSET_PATHS = "slownik_rymow/Preview\\ Content";
				DEVELOPMENT_TEAM = 56XR9FS29W;
				ENABLE_PREVIEWS = YES;
				INFOPLIST_FILE = slownik_rymow/Info.plist;
				INFOPLIST_KEY_CFBundleDisplayName = "Słownik Rymów";
				INFOPLIST_KEY_LSApplicationCategoryType = "public.app-category.education";
				LD_RUNPATH_SEARCH_PATHS = (
					"$(inherited)",
					"@executable_path/Frameworks",
				);
				MARKETING_VERSION = 2.3;
				PRODUCT_BUNDLE_IDENTIFIER = "com.michalbuczek.Slownik-Rymow";
				PRODUCT_NAME = "$(TARGET_NAME)";
				SUPPORTS_MACCATALYST = YES;
				SWIFT_VERSION = 5.0;
				TARGETED_DEVICE_FAMILY = "1,2,6";
			};
			name = Debug;
		};
		0A0EE90C22F723E2001B52E0 /* Release */ = {
			isa = XCBuildConfiguration;
			buildSettings = {
				ASSETCATALOG_COMPILER_APPICON_NAME = AppIcon;
				CODE_SIGN_ENTITLEMENTS = slownik_rymow/slownik_rymow.entitlements;
				CODE_SIGN_STYLE = Automatic;
				DEVELOPMENT_ASSET_PATHS = "slownik_rymow/Preview\\ Content";
				DEVELOPMENT_TEAM = 56XR9FS29W;
				ENABLE_PREVIEWS = YES;
				INFOPLIST_FILE = slownik_rymow/Info.plist;
				INFOPLIST_KEY_CFBundleDisplayName = "Słownik Rymów";
				INFOPLIST_KEY_LSApplicationCategoryType = "public.app-category.education";
				LD_RUNPATH_SEARCH_PATHS = (
					"$(inherited)",
					"@executable_path/Frameworks",
				);
				MARKETING_VERSION = 2.3;
				PRODUCT_BUNDLE_IDENTIFIER = "com.michalbuczek.Slownik-Rymow";
				PRODUCT_NAME = "$(TARGET_NAME)";
				SUPPORTS_MACCATALYST = YES;
				SWIFT_VERSION = 5.0;
				TARGETED_DEVICE_FAMILY = "1,2,6";
			};
			name = Release;
		};
/* End XCBuildConfiguration section */

/* Begin XCConfigurationList section */
		0A0EE8DB22F723E1001B52E0 /* Build configuration list for PBXProject "slownik_rymow" */ = {
			isa = XCConfigurationList;
			buildConfigurations = (
				0A0EE90822F723E2001B52E0 /* Debug */,
				0A0EE90922F723E2001B52E0 /* Release */,
			);
			defaultConfigurationIsVisible = 0;
			defaultConfigurationName = Release;
		};
		0A0EE90A22F723E2001B52E0 /* Build configuration list for PBXNativeTarget "slownik_rymow" */ = {
			isa = XCConfigurationList;
			buildConfigurations = (
				0A0EE90B22F723E2001B52E0 /* Debug */,
				0A0EE90C22F723E2001B52E0 /* Release */,
			);
			defaultConfigurationIsVisible = 0;
			defaultConfigurationName = Release;
		};
/* End XCConfigurationList section */

/* Begin XCSwiftPackageProductDependency section */
		44EACC232C8CE1DF0070B33F /* app */ = {
			isa = XCSwiftPackageProductDependency;
			productName = app;
		};
/* End XCSwiftPackageProductDependency section */
	};
	rootObject = 0A0EE8D822F723E1001B52E0 /* Project object */;
}
